
Microsoft Visual Studio Solution File, Format Version 12.00
# Visual Studio Version 17
VisualStudioVersion = 17.5.002.0
MinimumVisualStudioVersion = 10.0.40219.1
Project("{9A19103F-16F7-4668-BE54-9A1E7A4F7556}") = "OrderApp.Console", "OrderApp.Console\OrderApp.Console.csproj", "{E98695D0-F7FE-4985-894B-B592B5F7B56F}"
EndProject
Project("{9A19103F-16F7-4668-BE54-9A1E7A4F7556}") = "OrderApp.Application", "OrderApp.Application\OrderApp.Application.csproj", "{E63D4625-81E0-4C26-8C77-A983D6D0B3F2}"
EndProject
Project("{9A19103F-16F7-4668-BE54-9A1E7A4F7556}") = "OrderApp.Domain", "OrderApp.Domain\OrderApp.Domain.csproj", "{7AEAFC83-3342-4BEB-8155-80C477153F53}"
EndProject
Project("{9A19103F-16F7-4668-BE54-9A1E7A4F7556}") = "OrderApp.Tests", "OrderApp.Tests\OrderApp.Tests.csproj", "{8787CD86-2107-4411-B2E3-D195EFD37C02}"
EndProject
Project("{9A19103F-16F7-4668-BE54-9A1E7A4F7556}") = "OrderApp.Infrastructure", "OrderApp.Infrastructure\OrderApp.Infrastructure.csproj", "{DE75ABC4-4948-4155-BCD0-1E706875B0E1}"
EndProject
Project("{2150E333-8FDC-42A3-9474-1A3956D46DE8}") = "src", "src", "{82487121-2976-42DC-BE9B-BCA7D3CDE81B}"
EndProject
Project("{2150E333-8FDC-42A3-9474-1A3956D46DE8}") = "tst", "tst", "{777554F2-990A-4B0D-B492-948598E70BCA}"
EndProject
Project("{2150E333-8FDC-42A3-9474-1A3956D46DE8}") = "core", "core", "{C6E79938-B829-4463-A9AD-4B6D80C3213B}"
EndProject
Project("{2150E333-8FDC-42A3-9474-1A3956D46DE8}") = "adapters", "adapters", "{8003BC4D-0FC8-44EE-A0CB-F5166AB4A18C}"
EndProject
Project("{2150E333-8FDC-42A3-9474-1A3956D46DE8}") = "driving", "driving", "{02F0AC77-49A5-4543-B77B-CBBFD51B5948}"
EndProject
Project("{2150E333-8FDC-42A3-9474-1A3956D46DE8}") = "driven", "driven", "{B506569B-5EEA-4627-B886-34B33FBBC934}"
EndProject
Project("{2150E333-8FDC-42A3-9474-1A3956D46DE8}") = "cmd", "cmd", "{2A53B270-C847-475F-AE2F-D5FDD9400B04}"
EndProject
Global
	GlobalSection(SolutionConfigurationPlatforms) = preSolution
		Debug|Any CPU = Debug|Any CPU
		Release|Any CPU = Release|Any CPU
	EndGlobalSection
	GlobalSection(ProjectConfigurationPlatforms) = postSolution
		{E98695D0-F7FE-4985-894B-B592B5F7B56F}.Debug|Any CPU.ActiveCfg = Debug|Any CPU
		{E98695D0-F7FE-4985-894B-B592B5F7B56F}.Debug|Any CPU.Build.0 = Debug|Any CPU
		{E98695D0-F7FE-4985-894B-B592B5F7B56F}.Release|Any CPU.ActiveCfg = Release|Any CPU
		{E98695D0-F7FE-4985-894B-B592B5F7B56F}.Release|Any CPU.Build.0 = Release|Any CPU
		{E63D4625-81E0-4C26-8C77-A983D6D0B3F2}.Debug|Any CPU.ActiveCfg = Debug|Any CPU
		{E63D4625-81E0-4C26-8C77-A983D6D0B3F2}.Debug|Any CPU.Build.0 = Debug|Any CPU
		{E63D4625-81E0-4C26-8C77-A983D6D0B3F2}.Release|Any CPU.ActiveCfg = Release|Any CPU
		{E63D4625-81E0-4C26-8C77-A983D6D0B3F2}.Release|Any CPU.Build.0 = Release|Any CPU
		{7AEAFC83-3342-4BEB-8155-80C477153F53}.Debug|Any CPU.ActiveCfg = Debug|Any CPU
		{7AEAFC83-3342-4BEB-8155-80C477153F53}.Debug|Any CPU.Build.0 = Debug|Any CPU
		{7AEAFC83-3342-4BEB-8155-80C477153F53}.Release|Any CPU.ActiveCfg = Release|Any CPU
		{7AEAFC83-3342-4BEB-8155-80C477153F53}.Release|Any CPU.Build.0 = Release|Any CPU
		{8787CD86-2107-4411-B2E3-D195EFD37C02}.Debug|Any CPU.ActiveCfg = Debug|Any CPU
		{8787CD86-2107-4411-B2E3-D195EFD37C02}.Debug|Any CPU.Build.0 = Debug|Any CPU
		{8787CD86-2107-4411-B2E3-D195EFD37C02}.Release|Any CPU.ActiveCfg = Release|Any CPU
		{8787CD86-2107-4411-B2E3-D195EFD37C02}.Release|Any CPU.Build.0 = Release|Any CPU
		{DE75ABC4-4948-4155-BCD0-1E706875B0E1}.Debug|Any CPU.ActiveCfg = Debug|Any CPU
		{DE75ABC4-4948-4155-BCD0-1E706875B0E1}.Debug|Any CPU.Build.0 = Debug|Any CPU
		{DE75ABC4-4948-4155-BCD0-1E706875B0E1}.Release|Any CPU.ActiveCfg = Release|Any CPU
		{DE75ABC4-4948-4155-BCD0-1E706875B0E1}.Release|Any CPU.Build.0 = Release|Any CPU
	EndGlobalSection
	GlobalSection(SolutionProperties) = preSolution
		HideSolutionNode = FALSE
	EndGlobalSection
	GlobalSection(NestedProjects) = preSolution
		{E98695D0-F7FE-4985-894B-B592B5F7B56F} = {2A53B270-C847-475F-AE2F-D5FDD9400B04}
		{E63D4625-81E0-4C26-8C77-A983D6D0B3F2} = {C6E79938-B829-4463-A9AD-4B6D80C3213B}
		{7AEAFC83-3342-4BEB-8155-80C477153F53} = {C6E79938-B829-4463-A9AD-4B6D80C3213B}
		{8787CD86-2107-4411-B2E3-D195EFD37C02} = {777554F2-990A-4B0D-B492-948598E70BCA}
		{DE75ABC4-4948-4155-BCD0-1E706875B0E1} = {B506569B-5EEA-4627-B886-34B33FBBC934}
		{C6E79938-B829-4463-A9AD-4B6D80C3213B} = {82487121-2976-42DC-BE9B-BCA7D3CDE81B}
		{8003BC4D-0FC8-44EE-A0CB-F5166AB4A18C} = {82487121-2976-42DC-BE9B-BCA7D3CDE81B}
		{02F0AC77-49A5-4543-B77B-CBBFD51B5948} = {8003BC4D-0FC8-44EE-A0CB-F5166AB4A18C}
		{B506569B-5EEA-4627-B886-34B33FBBC934} = {8003BC4D-0FC8-44EE-A0CB-F5166AB4A18C}
		{2A53B270-C847-475F-AE2F-D5FDD9400B04} = {02F0AC77-49A5-4543-B77B-CBBFD51B5948}
	EndGlobalSection
	GlobalSection(ExtensibilityGlobals) = postSolution
		SolutionGuid = {B21863C6-058A-4700-B997-57C33E59B02A}
	EndGlobalSection
EndGlobal
